
Microsoft Visual Studio Solution File, Format Version 12.00
# Visual Studio Version 16
VisualStudioVersion = 16.0.31229.75
MinimumVisualStudioVersion = 10.0.40219.1
Project("{FAE04EC0-301F-11D3-BF4B-00C04F79EFBC}") = "LAB7CS", "LAB7CS\LAB7CS.csproj", "{C3116FF2-2DEA-40D9-9FE8-18960ABDB6D3}"
EndProject
Global
	GlobalSection(SolutionConfigurationPlatforms) = preSolution
		Debug|Any CPU = Debug|Any CPU
		Release|Any CPU = Release|Any CPU
	EndGlobalSection
	GlobalSection(ProjectConfigurationPlatforms) = postSolution
		{C3116FF2-2DEA-40D9-9FE8-18960ABDB6D3}.Debug|Any CPU.ActiveCfg = Debug|Any CPU
		{C3116FF2-2DEA-40D9-9FE8-18960ABDB6D3}.Debug|Any CPU.Build.0 = Debug|Any CPU
		{C3116FF2-2DEA-40D9-9FE8-18960ABDB6D3}.Release|Any CPU.ActiveCfg = Release|Any CPU
		{C3116FF2-2DEA-40D9-9FE8-18960ABDB6D3}.Release|Any CPU.Build.0 = Release|Any CPU
	EndGlobalSection
	GlobalSection(SolutionProperties) = preSolution
		HideSolutionNode = FALSE
	EndGlobalSection
	GlobalSection(ExtensibilityGlobals) = postSolution
		SolutionGuid = {8AA93162-DB2E-46EB-8D70-DD2415D6CB15}
	EndGlobalSection
EndGlobal
